
Microsoft Visual Studio Solution File, Format Version 12.00
# Visual Studio Version 17
VisualStudioVersion = 17.11.35431.28
MinimumVisualStudioVersion = 10.0.40219.1
Project("{FAE04EC0-301F-11D3-BF4B-00C04F79EFBC}") = "EgitimKampi301.EntityLayer", "EgitimKampi301.EntityLayer\EgitimKampi301.EntityLayer.csproj", "{BDE21785-3668-417C-A685-FD52F88E592A}"
EndProject
Project("{FAE04EC0-301F-11D3-BF4B-00C04F79EFBC}") = "EgitimKampi301.DataAccessLayer", "EgitimKampi301.DataAccessLayer\EgitimKampi301.DataAccessLayer.csproj", "{9F527584-3B85-4BA5-A185-9315F09B13CD}"
EndProject
Project("{FAE04EC0-301F-11D3-BF4B-00C04F79EFBC}") = "EgitimKampi301.BusinessLayer", "EgitimKampi301.BusinessLayer\EgitimKampi301.BusinessLayer.csproj", "{8087D600-7660-49C7-8A4A-0BA8FDE64646}"
EndProject
Project("{FAE04EC0-301F-11D3-BF4B-00C04F79EFBC}") = "EgitimKampi301.PresentationLayer", "EgitimKampi301.PresentationLayer\EgitimKampi301.PresentationLayer.csproj", "{D0E850E6-D783-4C3C-BC4F-3CBFAB872BD1}"
EndProject
Project("{FAE04EC0-301F-11D3-BF4B-00C04F79EFBC}") = "Camp301.EFProject", "Camp301.EFProject\Camp301.EFProject.csproj", "{EF36D177-B682-48B6-B79E-06F6C2D8BDCF}"
EndProject
Global
	GlobalSection(SolutionConfigurationPlatforms) = preSolution
		Debug|Any CPU = Debug|Any CPU
		Release|Any CPU = Release|Any CPU
	EndGlobalSection
	GlobalSection(ProjectConfigurationPlatforms) = postSolution
		{BDE21785-3668-417C-A685-FD52F88E592A}.Debug|Any CPU.ActiveCfg = Debug|Any CPU
		{BDE21785-3668-417C-A685-FD52F88E592A}.Debug|Any CPU.Build.0 = Debug|Any CPU
		{BDE21785-3668-417C-A685-FD52F88E592A}.Release|Any CPU.ActiveCfg = Release|Any CPU
		{BDE21785-3668-417C-A685-FD52F88E592A}.Release|Any CPU.Build.0 = Release|Any CPU
		{9F527584-3B85-4BA5-A185-9315F09B13CD}.Debug|Any CPU.ActiveCfg = Debug|Any CPU
		{9F527584-3B85-4BA5-A185-9315F09B13CD}.Debug|Any CPU.Build.0 = Debug|Any CPU
		{9F527584-3B85-4BA5-A185-9315F09B13CD}.Release|Any CPU.ActiveCfg = Release|Any CPU
		{9F527584-3B85-4BA5-A185-9315F09B13CD}.Release|Any CPU.Build.0 = Release|Any CPU
		{8087D600-7660-49C7-8A4A-0BA8FDE64646}.Debug|Any CPU.ActiveCfg = Debug|Any CPU
		{8087D600-7660-49C7-8A4A-0BA8FDE64646}.Debug|Any CPU.Build.0 = Debug|Any CPU
		{8087D600-7660-49C7-8A4A-0BA8FDE64646}.Release|Any CPU.ActiveCfg = Release|Any CPU
		{8087D600-7660-49C7-8A4A-0BA8FDE64646}.Release|Any CPU.Build.0 = Release|Any CPU
		{D0E850E6-D783-4C3C-BC4F-3CBFAB872BD1}.Debug|Any CPU.ActiveCfg = Debug|Any CPU
		{D0E850E6-D783-4C3C-BC4F-3CBFAB872BD1}.Debug|Any CPU.Build.0 = Debug|Any CPU
		{D0E850E6-D783-4C3C-BC4F-3CBFAB872BD1}.Release|Any CPU.ActiveCfg = Release|Any CPU
		{D0E850E6-D783-4C3C-BC4F-3CBFAB872BD1}.Release|Any CPU.Build.0 = Release|Any CPU
		{EF36D177-B682-48B6-B79E-06F6C2D8BDCF}.Debug|Any CPU.ActiveCfg = Debug|Any CPU
		{EF36D177-B682-48B6-B79E-06F6C2D8BDCF}.Debug|Any CPU.Build.0 = Debug|Any CPU
		{EF36D177-B682-48B6-B79E-06F6C2D8BDCF}.Release|Any CPU.ActiveCfg = Release|Any CPU
		{EF36D177-B682-48B6-B79E-06F6C2D8BDCF}.Release|Any CPU.Build.0 = Release|Any CPU
	EndGlobalSection
	GlobalSection(SolutionProperties) = preSolution
		HideSolutionNode = FALSE
	EndGlobalSection
	GlobalSection(ExtensibilityGlobals) = postSolution
		SolutionGuid = {E8CE1096-869D-4BBC-ACAB-3293EEEC955D}
	EndGlobalSection
EndGlobal
